{
  "nodes": {
    "anyrun-nixos-options": {
      "inputs": {
        "flake-parts": "flake-parts",
        "nixpkgs": "nixpkgs"
      },
      "locked": {
        "lastModified": 1704902043,
        "narHash": "sha256-YL5ANmzWJAe3IhsuqTccxZIdkQX0tYt9dt9oNw0QwAY=",
        "owner": "n3oney",
        "repo": "anyrun-nixos-options",
        "rev": "aed824957538e65dc3bea414aadbe5e2de611f49",
        "type": "github"
      },
      "original": {
        "owner": "n3oney",
        "repo": "anyrun-nixos-options",
        "type": "github"
      }
    },
    "base16": {
      "inputs": {
        "fromYaml": "fromYaml"
      },
      "locked": {
        "lastModified": 1755819240,
        "narHash": "sha256-qcMhnL7aGAuFuutH4rq9fvAhCpJWVHLcHVZLtPctPlo=",
        "owner": "SenchoPens",
        "repo": "base16.nix",
        "rev": "75ed5e5e3fce37df22e49125181fa37899c3ccd6",
        "type": "github"
      },
      "original": {
        "owner": "SenchoPens",
        "repo": "base16.nix",
        "type": "github"
      }
    },
    "base16-fish": {
      "flake": false,
      "locked": {
        "lastModified": 1754405784,
        "narHash": "sha256-l9xHIy+85FN+bEo6yquq2IjD1rSg9fjfjpyGP1W8YXo=",
        "owner": "tomyun",
        "repo": "base16-fish",
        "rev": "23ae20a0093dca0d7b39d76ba2401af0ccf9c561",
        "type": "github"
      },
      "original": {
        "owner": "tomyun",
        "repo": "base16-fish",
        "rev": "23ae20a0093dca0d7b39d76ba2401af0ccf9c561",
        "type": "github"
      }
    },
    "base16-helix": {
      "flake": false,
      "locked": {
        "lastModified": 1752979451,
        "narHash": "sha256-0CQM+FkYy0fOO/sMGhOoNL80ftsAzYCg9VhIrodqusM=",
        "owner": "tinted-theming",
        "repo": "base16-helix",
        "rev": "27cf1e66e50abc622fb76a3019012dc07c678fac",
        "type": "github"
      },
      "original": {
        "owner": "tinted-theming",
        "repo": "base16-helix",
        "type": "github"
      }
    },
    "base16-vim": {
      "flake": false,
      "locked": {
        "lastModified": 1732806396,
        "narHash": "sha256-e0bpPySdJf0F68Ndanwm+KWHgQiZ0s7liLhvJSWDNsA=",
        "owner": "tinted-theming",
        "repo": "base16-vim",
        "rev": "577fe8125d74ff456cf942c733a85d769afe58b7",
        "type": "github"
      },
      "original": {
        "owner": "tinted-theming",
        "repo": "base16-vim",
        "rev": "577fe8125d74ff456cf942c733a85d769afe58b7",
        "type": "github"
      }
    },
    "catppuccin": {
      "inputs": {
        "nixpkgs": [
          "nixpkgs"
        ]
      },
      "locked": {
        "lastModified": 1763974424,
        "narHash": "sha256-jPpxBhrBOAKrXPxdrdXnq4w7x3UIkUZjarNLNYkb7Zo=",
        "owner": "catppuccin",
        "repo": "nix",
        "rev": "931c6465c3eac4709684dbc320bca243252927df",
        "type": "github"
      },
      "original": {
        "owner": "catppuccin",
        "repo": "nix",
        "type": "github"
      }
    },
    "crane": {
      "locked": {
        "lastModified": 1754269165,
        "narHash": "sha256-0tcS8FHd4QjbCVoxN9jI+PjHgA4vc/IjkUSp+N3zy0U=",
        "owner": "ipetkov",
        "repo": "crane",
        "rev": "444e81206df3f7d92780680e45858e31d2f07a08",
        "type": "github"
      },
      "original": {
        "owner": "ipetkov",
        "repo": "crane",
        "type": "github"
      }
    },
    "disko": {
      "inputs": {
        "nixpkgs": [
          "nixpkgs-unstable"
        ]
      },
      "locked": {
        "lastModified": 1746728054,
        "narHash": "sha256-eDoSOhxGEm2PykZFa/x9QG5eTH0MJdiJ9aR00VAofXE=",
        "owner": "nix-community",
        "repo": "disko",
        "rev": "ff442f5d1425feb86344c028298548024f21256d",
        "type": "github"
      },
      "original": {
        "owner": "nix-community",
        "ref": "latest",
        "repo": "disko",
        "type": "github"
      }
    },
    "firefox-addons": {
      "inputs": {
        "nixpkgs": "nixpkgs_2"
      },
      "locked": {
        "dir": "pkgs/firefox-addons",
        "lastModified": 1764129852,
        "narHash": "sha256-9m6e5wAfYvCnuQep5CvTxmV3iaVuH5uSsH+gjKwwZf4=",
        "owner": "rycee",
        "repo": "nur-expressions",
        "rev": "97503705aed1f7c5fd3fd8e465a5850928c05102",
        "type": "gitlab"
      },
      "original": {
        "dir": "pkgs/firefox-addons",
        "owner": "rycee",
        "repo": "nur-expressions",
        "type": "gitlab"
      }
    },
    "firefox-gnome-theme": {
      "flake": false,
      "locked": {
        "lastModified": 1758112371,
        "narHash": "sha256-lizRM2pj6PHrR25yimjyFn04OS4wcdbc38DCdBVa2rk=",
        "owner": "rafaelmardojai",
        "repo": "firefox-gnome-theme",
        "rev": "0909cfe4a2af8d358ad13b20246a350e14c2473d",
        "type": "github"
      },
      "original": {
        "owner": "rafaelmardojai",
        "repo": "firefox-gnome-theme",
        "type": "github"
      }
    },
    "flake-compat": {
      "locked": {
        "lastModified": 1733328505,
        "narHash": "sha256-NeCCThCEP3eCl2l/+27kNNK7QrwZB1IJCrXfrbv5oqU=",
        "rev": "ff81ac966bb2cae68946d5ed5fc4994f96d0ffec",
        "revCount": 69,
        "type": "tarball",
        "url": "https://api.flakehub.com/f/pinned/edolstra/flake-compat/1.1.0/01948eb7-9cba-704f-bbf3-3fa956735b52/source.tar.gz"
      },
      "original": {
        "type": "tarball",
        "url": "https://flakehub.com/f/edolstra/flake-compat/1.tar.gz"
      }
    },
    "flake-parts": {
      "inputs": {
        "nixpkgs-lib": "nixpkgs-lib"
      },
      "locked": {
        "lastModified": 1690933134,
        "narHash": "sha256-ab989mN63fQZBFrkk4Q8bYxQCktuHmBIBqUG1jl6/FQ=",
        "owner": "hercules-ci",
        "repo": "flake-parts",
        "rev": "59cf3f1447cfc75087e7273b04b31e689a8599fb",
        "type": "github"
      },
      "original": {
        "owner": "hercules-ci",
        "repo": "flake-parts",
        "type": "github"
      }
    },
    "flake-parts_2": {
      "inputs": {
        "nixpkgs-lib": [
          "nixpkgs"
        ]
      },
      "locked": {
        "lastModified": 1763759067,
        "narHash": "sha256-LlLt2Jo/gMNYAwOgdRQBrsRoOz7BPRkzvNaI/fzXi2Q=",
        "owner": "hercules-ci",
        "repo": "flake-parts",
        "rev": "2cccadc7357c0ba201788ae99c4dfa90728ef5e0",
        "type": "github"
      },
      "original": {
        "owner": "hercules-ci",
        "repo": "flake-parts",
        "type": "github"
      }
    },
    "flake-parts_3": {
      "inputs": {
        "nixpkgs-lib": [
          "khanelivim",
          "nixpkgs"
        ]
      },
      "locked": {
        "lastModified": 1763759067,
        "narHash": "sha256-LlLt2Jo/gMNYAwOgdRQBrsRoOz7BPRkzvNaI/fzXi2Q=",
        "owner": "hercules-ci",
        "repo": "flake-parts",
        "rev": "2cccadc7357c0ba201788ae99c4dfa90728ef5e0",
        "type": "github"
      },
      "original": {
        "owner": "hercules-ci",
        "repo": "flake-parts",
        "type": "github"
      }
    },
    "flake-parts_4": {
      "inputs": {
        "nixpkgs-lib": [
          "khanelivim",
          "neovim-nightly-overlay",
          "nixpkgs"
        ]
      },
      "locked": {
        "lastModified": 1763759067,
        "narHash": "sha256-LlLt2Jo/gMNYAwOgdRQBrsRoOz7BPRkzvNaI/fzXi2Q=",
        "owner": "hercules-ci",
        "repo": "flake-parts",
        "rev": "2cccadc7357c0ba201788ae99c4dfa90728ef5e0",
        "type": "github"
      },
      "original": {
        "owner": "hercules-ci",
        "repo": "flake-parts",
        "type": "github"
      }
    },
    "flake-parts_5": {
      "inputs": {
        "nixpkgs-lib": [
          "lanzaboote",
          "nixpkgs"
        ]
      },
      "locked": {
        "lastModified": 1754091436,
        "narHash": "sha256-XKqDMN1/Qj1DKivQvscI4vmHfDfvYR2pfuFOJiCeewM=",
        "owner": "hercules-ci",
        "repo": "flake-parts",
        "rev": "67df8c627c2c39c41dbec76a1f201929929ab0bd",
        "type": "github"
      },
      "original": {
        "owner": "hercules-ci",
        "repo": "flake-parts",
        "type": "github"
      }
    },
    "flake-parts_6": {
      "inputs": {
        "nixpkgs-lib": [
          "stylix",
          "nixpkgs"
        ]
      },
      "locked": {
        "lastModified": 1756770412,
        "narHash": "sha256-+uWLQZccFHwqpGqr2Yt5VsW/PbeJVTn9Dk6SHWhNRPw=",
        "owner": "hercules-ci",
        "repo": "flake-parts",
        "rev": "4524271976b625a4a605beefd893f270620fd751",
        "type": "github"
      },
      "original": {
        "owner": "hercules-ci",
        "repo": "flake-parts",
        "type": "github"
      }
    },
    "flake-utils": {
      "inputs": {
        "systems": "systems"
      },
      "locked": {
        "lastModified": 1705309234,
        "narHash": "sha256-uNRRNRKmJyCRC/8y1RqBkqWBLM034y4qN7EprSdmgyA=",
        "owner": "numtide",
        "repo": "flake-utils",
        "rev": "1ef2e671c3b0c19053962c07dbda38332dcebf26",
        "type": "github"
      },
      "original": {
        "owner": "numtide",
        "repo": "flake-utils",
        "type": "github"
      }
    },
    "fromYaml": {
      "flake": false,
      "locked": {
        "lastModified": 1731966426,
        "narHash": "sha256-lq95WydhbUTWig/JpqiB7oViTcHFP8Lv41IGtayokA8=",
        "owner": "SenchoPens",
        "repo": "fromYaml",
        "rev": "106af9e2f715e2d828df706c386a685698f3223b",
        "type": "github"
      },
      "original": {
        "owner": "SenchoPens",
        "repo": "fromYaml",
        "type": "github"
      }
    },
    "gitignore": {
      "inputs": {
        "nixpkgs": [
          "lanzaboote",
          "pre-commit-hooks-nix",
          "nixpkgs"
        ]
      },
      "locked": {
        "lastModified": 1709087332,
        "narHash": "sha256-HG2cCnktfHsKV0s4XW83gU3F57gaTljL9KNSuG6bnQs=",
        "owner": "hercules-ci",
        "repo": "gitignore.nix",
        "rev": "637db329424fd7e46cf4185293b9cc8c88c95394",
        "type": "github"
      },
      "original": {
        "owner": "hercules-ci",
        "repo": "gitignore.nix",
        "type": "github"
      }
    },
    "gnome-shell": {
      "flake": false,
      "locked": {
        "host": "gitlab.gnome.org",
        "lastModified": 1762869044,
        "narHash": "sha256-nwm/GJ2Syigf7VccLAZ66mFC8mZJFqpJmIxSGKl7+Ds=",
        "owner": "GNOME",
        "repo": "gnome-shell",
        "rev": "680e3d195a92203f28d4bf8c6e8bb537cc3ed4ad",
        "type": "gitlab"
      },
      "original": {
        "host": "gitlab.gnome.org",
        "owner": "GNOME",
        "ref": "gnome-49",
        "repo": "gnome-shell",
        "type": "gitlab"
      }
    },
    "home-manager": {
      "inputs": {
        "nixpkgs": [
          "nixpkgs-unstable"
        ]
      },
      "locked": {
        "lastModified": 1764177641,
        "narHash": "sha256-fqOnJQMNb5l79NbqdpZm2XPZfWkQTMWvH84KY/eny/Y=",
        "owner": "nix-community",
        "repo": "home-manager",
        "rev": "ee7f4646da266f7b6407cda35472b9f42d853213",
        "type": "github"
      },
      "original": {
        "owner": "nix-community",
        "repo": "home-manager",
        "type": "github"
      }
    },
    "hypr-socket-watch": {
      "inputs": {
        "nixpkgs": "nixpkgs_3",
        "rust-overlay": "rust-overlay"
      },
      "locked": {
        "lastModified": 1725220982,
        "narHash": "sha256-NnFB0PjH80BYuGO1arwR9+h1wLtxogh8U474BWxhGiA=",
        "owner": "khaneliman",
        "repo": "hypr-socket-watch",
        "rev": "cdbd57538de2cc82010f35abc7e3c99b113297e4",
        "type": "github"
      },
      "original": {
        "owner": "khaneliman",
        "repo": "hypr-socket-watch",
        "type": "github"
      }
    },
    "khanelivim": {
      "inputs": {
        "flake-parts": "flake-parts_3",
        "neovim-nightly-overlay": "neovim-nightly-overlay",
        "nixpkgs": "nixpkgs_6",
        "nixpkgs-master": "nixpkgs-master",
        "nixvim": "nixvim",
        "pkgs-by-name-for-flake-parts": "pkgs-by-name-for-flake-parts",
        "snacks-nvim": "snacks-nvim"
      },
      "locked": {
        "lastModified": 1764168904,
        "narHash": "sha256-czX9Towe4OdydJtICrFwhn8a7Y5bCLJxBNZY1VSYBMM=",
        "owner": "khaneliman",
        "repo": "khanelivim",
        "rev": "7d60b0a457c111ff0ea35f3684d9243fae748aa3",
        "type": "github"
      },
      "original": {
        "owner": "khaneliman",
        "repo": "khanelivim",
        "type": "github"
      }
    },
    "lanzaboote": {
      "inputs": {
        "crane": "crane",
        "flake-compat": [],
        "flake-parts": "flake-parts_5",
        "nixpkgs": [
          "nixpkgs"
        ],
        "pre-commit-hooks-nix": "pre-commit-hooks-nix",
        "rust-overlay": "rust-overlay_2"
      },
      "locked": {
        "lastModified": 1762205063,
        "narHash": "sha256-If6vQ+KvtKs3ARBO9G3l+4wFSCYtRBrwX1z+I+B61wQ=",
        "owner": "nix-community",
        "repo": "lanzaboote",
        "rev": "88b8a563ff5704f4e8d8e5118fb911fa2110ca05",
        "type": "github"
      },
      "original": {
        "owner": "nix-community",
        "ref": "v0.4.3",
        "repo": "lanzaboote",
        "type": "github"
      }
    },
    "neovim-nightly-overlay": {
      "inputs": {
        "flake-parts": "flake-parts_4",
        "neovim-src": "neovim-src",
        "nixpkgs": "nixpkgs_5"
      },
      "locked": {
        "lastModified": 1764115497,
        "narHash": "sha256-O76AgT1qySSmdLU+20p0L6L4CLl+L/BFn6Hn+v3lZb0=",
        "owner": "nix-community",
        "repo": "neovim-nightly-overlay",
        "rev": "531a6afb65033ff28663e83efcb5d8b94c339aeb",
        "type": "github"
      },
      "original": {
        "owner": "nix-community",
        "repo": "neovim-nightly-overlay",
        "type": "github"
      }
    },
    "neovim-src": {
      "flake": false,
      "locked": {
        "lastModified": 1764103112,
        "narHash": "sha256-tnxXyr4eqFft9gm8elxB91maZ8FkvKrI14duvNJW6aw=",
        "owner": "neovim",
        "repo": "neovim",
        "rev": "87bd16e470b2d7a45f38c7402037ad1bcf91ded9",
        "type": "github"
      },
      "original": {
        "owner": "neovim",
        "repo": "neovim",
        "type": "github"
      }
    },
    "nh": {
      "inputs": {
        "nixpkgs": "nixpkgs_7"
      },
      "locked": {
        "lastModified": 1764040987,
        "narHash": "sha256-wfblFbfAKtddjUAkGq2dOMX2o0ruIS+HZ5a8EfokZl4=",
        "owner": "nix-community",
        "repo": "nh",
        "rev": "47374db9bc89fabec665daf0c0903d400c10ef84",
        "type": "github"
      },
      "original": {
        "owner": "nix-community",
        "repo": "nh",
        "type": "github"
      }
    },
    "nix-darwin": {
      "inputs": {
        "nixpkgs": [
          "nixpkgs-unstable"
        ]
      },
      "locked": {
        "lastModified": 1764161084,
        "narHash": "sha256-HN84sByg9FhJnojkGGDSrcjcbeioFWoNXfuyYfJ1kBE=",
        "owner": "nix-darwin",
        "repo": "nix-darwin",
        "rev": "e95de00a471d07435e0527ff4db092c84998698e",
        "type": "github"
      },
      "original": {
        "owner": "nix-darwin",
        "repo": "nix-darwin",
        "type": "github"
      }
    },
    "nix-flatpak": {
      "locked": {
        "lastModified": 1739444422,
        "narHash": "sha256-iAVVHi7X3kWORftY+LVbRiStRnQEob2TULWyjMS6dWg=",
        "owner": "gmodena",
        "repo": "nix-flatpak",
        "rev": "5e54c3ca05a7c7d968ae1ddeabe01d2a9bc1e177",
        "type": "github"
      },
      "original": {
        "owner": "gmodena",
        "ref": "latest",
        "repo": "nix-flatpak",
        "type": "github"
      }
    },
    "nix-index-database": {
      "inputs": {
        "nixpkgs": [
          "nixpkgs"
        ]
      },
      "locked": {
        "lastModified": 1763870992,
        "narHash": "sha256-NPyc76Wxmv/vAsXJ8F+/8fXECHYcv2YGSqdiSHp/F/A=",
        "owner": "nix-community",
        "repo": "nix-index-database",
        "rev": "d7423982c7a26586aa237d130b14c8b302c7a367",
        "type": "github"
      },
      "original": {
        "owner": "nix-community",
        "repo": "nix-index-database",
        "type": "github"
      }
    },
    "nix-rosetta-builder": {
      "inputs": {
        "nixos-generators": "nixos-generators",
        "nixpkgs": [
          "nixpkgs-unstable"
        ]
      },
      "locked": {
        "lastModified": 1746921880,
        "narHash": "sha256-8YyEuL9QDOmLhnOYZQnFB5XeQKj5LJeuy3QcTX7NzE0=",
        "owner": "khaneliman",
        "repo": "nix-rosetta-builder",
        "rev": "94d2ea2da6a600fc97013881d7e0043d375cd5cf",
        "type": "github"
      },
      "original": {
        "owner": "khaneliman",
        "ref": "speedfactor",
        "repo": "nix-rosetta-builder",
        "type": "github"
      }
    },
    "nixlib": {
      "locked": {
        "lastModified": 1736643958,
        "narHash": "sha256-tmpqTSWVRJVhpvfSN9KXBvKEXplrwKnSZNAoNPf/S/s=",
        "owner": "nix-community",
        "repo": "nixpkgs.lib",
        "rev": "1418bc28a52126761c02dd3d89b2d8ca0f521181",
        "type": "github"
      },
      "original": {
        "owner": "nix-community",
        "repo": "nixpkgs.lib",
        "type": "github"
      }
    },
    "nixos-generators": {
      "inputs": {
        "nixlib": "nixlib",
        "nixpkgs": [
          "nix-rosetta-builder",
          "nixpkgs"
        ]
      },
      "locked": {
        "lastModified": 1737057290,
        "narHash": "sha256-3Pe0yKlCc7EOeq1X/aJVDH0CtNL+tIBm49vpepwL1MQ=",
        "owner": "nix-community",
        "repo": "nixos-generators",
        "rev": "d002ce9b6e7eb467cd1c6bb9aef9c35d191b5453",
        "type": "github"
      },
      "original": {
        "owner": "nix-community",
        "repo": "nixos-generators",
        "type": "github"
      }
    },
    "nixos-wsl": {
      "inputs": {
        "flake-compat": [],
        "nixpkgs": [
          "nixpkgs"
        ]
      },
      "locked": {
        "lastModified": 1764072830,
        "narHash": "sha256-ezkjlUCohD9o9c47Ey0/I4CamSS0QEORTqGvyGqMud0=",
        "owner": "nix-community",
        "repo": "nixos-wsl",
        "rev": "c7832dd786175e20f2697179e0e03efadffe4201",
        "type": "github"
      },
      "original": {
        "owner": "nix-community",
        "repo": "nixos-wsl",
        "type": "github"
      }
    },
    "nixpkgs": {
      "locked": {
        "lastModified": 1690031011,
        "narHash": "sha256-kzK0P4Smt7CL53YCdZCBbt9uBFFhE0iNvCki20etAf4=",
        "path": "/nix/store/gxw5rlp29swdpgz26vhaqzy21b9pxrim-source",
        "rev": "12303c652b881435065a98729eb7278313041e49",
        "type": "path"
      },
      "original": {
        "id": "nixpkgs",
        "type": "indirect"
      }
    },
    "nixpkgs-citrix-workspace": {
      "locked": {
        "lastModified": 1760818316,
        "narHash": "sha256-6yp80enMV0NJ0CBOZ2Xvk72mQ4cQ7FTGY1lpPI4p2zA=",
        "owner": "NixOS",
        "repo": "nixpkgs",
        "rev": "87894d3b7116a8e1c4827d66e17b89099d218c50",
        "type": "github"
      },
      "original": {
        "owner": "NixOS",
        "repo": "nixpkgs",
        "rev": "87894d3b7116a8e1c4827d66e17b89099d218c50",
        "type": "github"
      }
    },
    "nixpkgs-lib": {
      "locked": {
        "dir": "lib",
        "lastModified": 1690881714,
        "narHash": "sha256-h/nXluEqdiQHs1oSgkOOWF+j8gcJMWhwnZ9PFabN6q0=",
        "owner": "NixOS",
        "repo": "nixpkgs",
        "rev": "9e1960bc196baf6881340d53dccb203a951745a2",
        "type": "github"
      },
      "original": {
        "dir": "lib",
        "owner": "NixOS",
        "ref": "nixos-unstable",
        "repo": "nixpkgs",
        "type": "github"
      }
    },
    "nixpkgs-master": {
      "locked": {
        "lastModified": 1764167966,
        "narHash": "sha256-nXv6xb7cq+XpjBYIjWEGTLCqQetxJu6zvVlrqHMsCOA=",
        "owner": "nixos",
        "repo": "nixpkgs",
        "rev": "5c46f3bd98147c8d82366df95bbef2cab3a967ea",
        "type": "github"
      },
      "original": {
        "owner": "nixos",
        "repo": "nixpkgs",
        "type": "github"
      }
    },
    "nixpkgs-master_2": {
      "locked": {
        "lastModified": 1764177228,
        "narHash": "sha256-JuEOPDfEHpu7PhaE8OJCKu926GtpSdhsV85sVnRjhdY=",
        "owner": "NixOS",
        "repo": "nixpkgs",
        "rev": "4321bbf1c1af9e3bf432837e2f9b1fb09f9be7ec",
        "type": "github"
      },
      "original": {
        "owner": "NixOS",
        "repo": "nixpkgs",
        "type": "github"
      }
    },
    "nixpkgs-unstable": {
      "locked": {
        "lastModified": 1764081664,
        "narHash": "sha256-sUoHmPr/EwXzRMpv1u/kH+dXuvJEyyF2Q7muE+t0EU4=",
        "owner": "nixos",
        "repo": "nixpkgs",
        "rev": "dc205f7b4fdb04c8b7877b43edb7b73be7730081",
        "type": "github"
      },
      "original": {
        "owner": "nixos",
        "ref": "nixpkgs-unstable",
        "repo": "nixpkgs",
        "type": "github"
      }
    },
    "nixpkgs_2": {
      "locked": {
        "lastModified": 1744536153,
        "narHash": "sha256-awS2zRgF4uTwrOKwwiJcByDzDOdo3Q1rPZbiHQg/N38=",
        "owner": "nixos",
        "repo": "nixpkgs",
        "rev": "18dd725c29603f582cf1900e0d25f9f1063dbf11",
        "type": "github"
      },
      "original": {
        "owner": "nixos",
        "ref": "nixpkgs-unstable",
        "repo": "nixpkgs",
        "type": "github"
      }
    },
    "nixpkgs_3": {
      "locked": {
        "lastModified": 1714253743,
        "narHash": "sha256-mdTQw2XlariysyScCv2tTE45QSU9v/ezLcHJ22f0Nxc=",
        "owner": "NixOS",
        "repo": "nixpkgs",
        "rev": "58a1abdbae3217ca6b702f03d3b35125d88a2994",
        "type": "github"
      },
      "original": {
        "owner": "NixOS",
        "ref": "nixos-unstable",
        "repo": "nixpkgs",
        "type": "github"
      }
    },
    "nixpkgs_4": {
      "locked": {
        "lastModified": 1706487304,
        "narHash": "sha256-LE8lVX28MV2jWJsidW13D2qrHU/RUUONendL2Q/WlJg=",
        "owner": "NixOS",
        "repo": "nixpkgs",
        "rev": "90f456026d284c22b3e3497be980b2e47d0b28ac",
        "type": "github"
      },
      "original": {
        "owner": "NixOS",
        "ref": "nixpkgs-unstable",
        "repo": "nixpkgs",
        "type": "github"
      }
    },
    "nixpkgs_5": {
      "locked": {
        "lastModified": 1763934636,
        "narHash": "sha256-9glbI7f1uU+yzQCq5LwLgdZqx6svOhZWkd4JRY265fc=",
        "owner": "NixOS",
        "repo": "nixpkgs",
        "rev": "ee09932cedcef15aaf476f9343d1dea2cb77e261",
        "type": "github"
      },
      "original": {
        "owner": "NixOS",
        "ref": "nixpkgs-unstable",
        "repo": "nixpkgs",
        "type": "github"
      }
    },
    "nixpkgs_6": {
      "locked": {
        "lastModified": 1764081664,
        "narHash": "sha256-sUoHmPr/EwXzRMpv1u/kH+dXuvJEyyF2Q7muE+t0EU4=",
        "owner": "nixos",
        "repo": "nixpkgs",
        "rev": "dc205f7b4fdb04c8b7877b43edb7b73be7730081",
        "type": "github"
      },
      "original": {
        "owner": "nixos",
        "ref": "nixpkgs-unstable",
        "repo": "nixpkgs",
        "type": "github"
      }
    },
    "nixpkgs_7": {
      "locked": {
        "lastModified": 1763049705,
        "narHash": "sha256-A5LS0AJZ1yDPTa2fHxufZN++n8MCmtgrJDtxFxrH4S8=",
        "owner": "NixOS",
        "repo": "nixpkgs",
        "rev": "3acb677ea67d4c6218f33de0db0955f116b7588c",
        "type": "github"
      },
      "original": {
        "owner": "NixOS",
        "ref": "nixos-25.05",
        "repo": "nixpkgs",
        "type": "github"
      }
    },
    "nixpkgs_8": {
      "locked": {
        "lastModified": 1763966396,
        "narHash": "sha256-6eeL1YPcY1MV3DDStIDIdy/zZCDKgHdkCmsrLJFiZf0=",
        "owner": "nixos",
        "repo": "nixpkgs",
        "rev": "5ae3b07d8d6527c42f17c876e404993199144b6a",
        "type": "github"
      },
      "original": {
        "owner": "nixos",
        "ref": "nixos-unstable",
        "repo": "nixpkgs",
        "type": "github"
      }
    },
    "nixvim": {
      "inputs": {
        "flake-parts": [
          "khanelivim",
          "flake-parts"
        ],
        "nixpkgs": [
          "khanelivim",
          "nixpkgs"
        ],
        "nuschtosSearch": [
          "khanelivim"
        ],
        "systems": "systems_2"
      },
      "locked": {
        "lastModified": 1764148348,
        "narHash": "sha256-C9UobzCvMaLwNtRaFrt26TA/SkQtcDhJFmlVQ6DPHyA=",
        "owner": "nix-community",
        "repo": "nixvim",
        "rev": "7fe6951bf8c2719f437f74224adf3a2e875d6781",
        "type": "github"
      },
      "original": {
        "owner": "nix-community",
        "repo": "nixvim",
        "type": "github"
      }
    },
    "nur": {
      "inputs": {
        "flake-parts": [
          "stylix",
          "flake-parts"
        ],
        "nixpkgs": [
          "stylix",
          "nixpkgs"
        ]
      },
      "locked": {
        "lastModified": 1758998580,
        "narHash": "sha256-VLx0z396gDCGSiowLMFz5XRO/XuNV+4EnDYjdJhHvUk=",
        "owner": "nix-community",
        "repo": "NUR",
        "rev": "ba8d9c98f5f4630bcb0e815ab456afd90c930728",
        "type": "github"
      },
      "original": {
        "owner": "nix-community",
        "repo": "NUR",
        "type": "github"
      }
    },
    "pkgs-by-name-for-flake-parts": {
      "locked": {
        "lastModified": 1743779435,
        "narHash": "sha256-5eaQ3iKcwUbLw7pOJJqV85qgf5L+ihfsISrifGM7czQ=",
        "owner": "drupol",
        "repo": "pkgs-by-name-for-flake-parts",
        "rev": "477b3e8f981e3d7bac9d297e64796c918942f744",
        "type": "github"
      },
      "original": {
        "owner": "drupol",
        "repo": "pkgs-by-name-for-flake-parts",
        "type": "github"
      }
    },
    "pre-commit-hooks-nix": {
      "inputs": {
        "flake-compat": [
          "lanzaboote",
          "flake-compat"
        ],
        "gitignore": "gitignore",
        "nixpkgs": [
          "lanzaboote",
          "nixpkgs"
        ]
      },
      "locked": {
        "lastModified": 1750779888,
        "narHash": "sha256-wibppH3g/E2lxU43ZQHC5yA/7kIKLGxVEnsnVK1BtRg=",
        "owner": "cachix",
        "repo": "pre-commit-hooks.nix",
        "rev": "16ec914f6fb6f599ce988427d9d94efddf25fe6d",
        "type": "github"
      },
      "original": {
        "owner": "cachix",
        "repo": "pre-commit-hooks.nix",
        "type": "github"
      }
    },
    "root": {
      "inputs": {
        "anyrun-nixos-options": "anyrun-nixos-options",
        "catppuccin": "catppuccin",
        "disko": "disko",
        "firefox-addons": "firefox-addons",
        "flake-compat": "flake-compat",
        "flake-parts": "flake-parts_2",
        "home-manager": "home-manager",
        "hypr-socket-watch": "hypr-socket-watch",
        "khanelivim": "khanelivim",
        "lanzaboote": "lanzaboote",
        "nh": "nh",
        "nix-darwin": "nix-darwin",
        "nix-flatpak": "nix-flatpak",
        "nix-index-database": "nix-index-database",
        "nix-rosetta-builder": "nix-rosetta-builder",
        "nixos-wsl": "nixos-wsl",
        "nixpkgs": "nixpkgs_8",
        "nixpkgs-citrix-workspace": "nixpkgs-citrix-workspace",
        "nixpkgs-master": "nixpkgs-master_2",
        "nixpkgs-unstable": "nixpkgs-unstable",
        "sops-nix": "sops-nix",
        "stylix": "stylix",
        "waybar": "waybar",
        "yazi-flavors": "yazi-flavors"
      }
    },
    "rust-overlay": {
      "inputs": {
        "flake-utils": "flake-utils",
        "nixpkgs": "nixpkgs_4"
      },
      "locked": {
        "lastModified": 1714529851,
        "narHash": "sha256-YMKJW880f7LHXVRzu93xa6Ek+QLECIu0IRQbXbzZe38=",
        "owner": "oxalica",
        "repo": "rust-overlay",
        "rev": "9ca720fdcf7865385ae3b93ecdf65f1a64cb475e",
        "type": "github"
      },
      "original": {
        "owner": "oxalica",
        "repo": "rust-overlay",
        "type": "github"
      }
    },
    "rust-overlay_2": {
      "inputs": {
        "nixpkgs": [
          "lanzaboote",
          "nixpkgs"
        ]
      },
      "locked": {
        "lastModified": 1761791894,
        "narHash": "sha256-myRIDh+PxaREz+z9LzbqBJF+SnTFJwkthKDX9zMyddY=",
        "owner": "oxalica",
        "repo": "rust-overlay",
        "rev": "59c45eb69d9222a4362673141e00ff77842cd219",
        "type": "github"
      },
      "original": {
        "owner": "oxalica",
        "repo": "rust-overlay",
        "type": "github"
      }
    },
    "snacks-nvim": {
      "flake": false,
      "locked": {
        "lastModified": 1763464072,
        "narHash": "sha256-vRedYg29QGPGW0hOX9qbRSIImh1d/SoDZHImDF2oqKM=",
        "owner": "folke",
        "repo": "snacks.nvim",
        "rev": "fe7cfe9800a182274d0f868a74b7263b8c0c020b",
        "type": "github"
      },
      "original": {
        "owner": "folke",
        "repo": "snacks.nvim",
        "type": "github"
      }
    },
    "sops-nix": {
      "inputs": {
        "nixpkgs": [
          "nixpkgs-unstable"
        ]
      },
      "locked": {
        "lastModified": 1764021963,
        "narHash": "sha256-1m84V2ROwNEbqeS9t37/mkry23GBhfMt8qb6aHHmjuc=",
        "owner": "Mic92",
        "repo": "sops-nix",
        "rev": "c482a1c1bbe030be6688ed7dc84f7213f304f1ec",
        "type": "github"
      },
      "original": {
        "owner": "Mic92",
        "repo": "sops-nix",
        "type": "github"
      }
    },
    "stylix": {
      "inputs": {
        "base16": "base16",
        "base16-fish": "base16-fish",
        "base16-helix": "base16-helix",
        "base16-vim": "base16-vim",
        "firefox-gnome-theme": "firefox-gnome-theme",
        "flake-parts": "flake-parts_6",
        "gnome-shell": "gnome-shell",
        "nixpkgs": [
          "nixpkgs"
        ],
        "nur": "nur",
        "systems": "systems_3",
        "tinted-foot": "tinted-foot",
        "tinted-kitty": "tinted-kitty",
        "tinted-schemes": "tinted-schemes",
        "tinted-tmux": "tinted-tmux",
        "tinted-zed": "tinted-zed"
      },
      "locked": {
        "lastModified": 1764047889,
        "narHash": "sha256-KGP5anhJ+uEv4qFV3UtD1YYVn00/zOqLdVBgSdrzW/c=",
        "owner": "danth",
        "repo": "stylix",
        "rev": "b5072c51308a20214b7eb095b6fd01ee100a8f18",
        "type": "github"
      },
      "original": {
        "owner": "danth",
        "repo": "stylix",
        "type": "github"
      }
    },
    "systems": {
      "locked": {
        "lastModified": 1681028828,
        "narHash": "sha256-Vy1rq5AaRuLzOxct8nz4T6wlgyUR7zLU309k9mBC768=",
        "owner": "nix-systems",
        "repo": "default",
        "rev": "da67096a3b9bf56a91d16901293e51ba5b49a27e",
        "type": "github"
      },
      "original": {
        "owner": "nix-systems",
        "repo": "default",
        "type": "github"
      }
    },
    "systems_2": {
      "locked": {
        "lastModified": 1681028828,
        "narHash": "sha256-Vy1rq5AaRuLzOxct8nz4T6wlgyUR7zLU309k9mBC768=",
        "owner": "nix-systems",
        "repo": "default",
        "rev": "da67096a3b9bf56a91d16901293e51ba5b49a27e",
        "type": "github"
      },
      "original": {
        "owner": "nix-systems",
        "repo": "default",
        "type": "github"
      }
    },
    "systems_3": {
      "locked": {
        "lastModified": 1681028828,
        "narHash": "sha256-Vy1rq5AaRuLzOxct8nz4T6wlgyUR7zLU309k9mBC768=",
        "owner": "nix-systems",
        "repo": "default",
        "rev": "da67096a3b9bf56a91d16901293e51ba5b49a27e",
        "type": "github"
      },
      "original": {
        "owner": "nix-systems",
        "repo": "default",
        "type": "github"
      }
    },
    "tinted-foot": {
      "flake": false,
      "locked": {
        "lastModified": 1726913040,
        "narHash": "sha256-+eDZPkw7efMNUf3/Pv0EmsidqdwNJ1TaOum6k7lngDQ=",
        "owner": "tinted-theming",
        "repo": "tinted-foot",
        "rev": "fd1b924b6c45c3e4465e8a849e67ea82933fcbe4",
        "type": "github"
      },
      "original": {
        "owner": "tinted-theming",
        "repo": "tinted-foot",
        "rev": "fd1b924b6c45c3e4465e8a849e67ea82933fcbe4",
        "type": "github"
      }
    },
    "tinted-kitty": {
      "flake": false,
      "locked": {
        "lastModified": 1735730497,
        "narHash": "sha256-4KtB+FiUzIeK/4aHCKce3V9HwRvYaxX+F1edUrfgzb8=",
        "owner": "tinted-theming",
        "repo": "tinted-kitty",
        "rev": "de6f888497f2c6b2279361bfc790f164bfd0f3fa",
        "type": "github"
      },
      "original": {
        "owner": "tinted-theming",
        "repo": "tinted-kitty",
        "type": "github"
      }
    },
    "tinted-schemes": {
      "flake": false,
      "locked": {
        "lastModified": 1757716333,
        "narHash": "sha256-d4km8W7w2zCUEmPAPUoLk1NlYrGODuVa3P7St+UrqkM=",
        "owner": "tinted-theming",
        "repo": "schemes",
        "rev": "317a5e10c35825a6c905d912e480dfe8e71c7559",
        "type": "github"
      },
      "original": {
        "owner": "tinted-theming",
        "repo": "schemes",
        "type": "github"
      }
    },
    "tinted-tmux": {
      "flake": false,
      "locked": {
        "lastModified": 1757811970,
        "narHash": "sha256-n5ZJgmzGZXOD9pZdAl1OnBu3PIqD+X3vEBUGbTi4JiI=",
        "owner": "tinted-theming",
        "repo": "tinted-tmux",
        "rev": "d217ba31c846006e9e0ae70775b0ee0f00aa6b1e",
        "type": "github"
      },
      "original": {
        "owner": "tinted-theming",
        "repo": "tinted-tmux",
        "type": "github"
      }
    },
    "tinted-zed": {
      "flake": false,
      "locked": {
        "lastModified": 1757811247,
        "narHash": "sha256-4EFOUyLj85NRL3OacHoLGEo0wjiRJzfsXtR4CZWAn6w=",
        "owner": "tinted-theming",
        "repo": "base16-zed",
        "rev": "824fe0aacf82b3c26690d14e8d2cedd56e18404e",
        "type": "github"
      },
      "original": {
        "owner": "tinted-theming",
        "repo": "base16-zed",
        "type": "github"
      }
    },
    "waybar": {
      "inputs": {
        "flake-compat": [],
        "nixpkgs": [
          "nixpkgs"
        ]
      },
      "locked": {
        "lastModified": 1761204979,
        "narHash": "sha256-QWS3FCd6sTbr1runpZPdpVrhqFu8E5fNOpfp0r9ifLk=",
        "owner": "Alexays",
        "repo": "Waybar",
        "rev": "161367d9617673a4ef9caf8299411dc5153464d1",
        "type": "github"
      },
      "original": {
        "owner": "Alexays",
        "repo": "Waybar",
        "type": "github"
      }
    },
    "yazi-flavors": {
      "flake": false,
      "locked": {
        "lastModified": 1763969227,
        "narHash": "sha256-twgXHeIj52EfpMpLrhxjYmwaPnIYah3Zk/gqCNTb2SQ=",
        "owner": "yazi-rs",
        "repo": "flavors",
        "rev": "3edeb49597e1080621a9b0b50d9f0a938b8f62bb",
        "type": "github"
      },
      "original": {
        "owner": "yazi-rs",
        "repo": "flavors",
        "type": "github"
      }
    }
  },
  "root": "root",
  "version": 7
}
